
Microsoft Visual Studio Solution File, Format Version 12.00
# Visual Studio Version 17
VisualStudioVersion = 17.5.33424.131
MinimumVisualStudioVersion = 10.0.40219.1
Project("{FAE04EC0-301F-11D3-BF4B-00C04F79EFBC}") = "Emtrafesa.GestionPersonal.API", "Emtrafesa.GestionPersonal.API\Emtrafesa.GestionPersonal.API.csproj", "{634AC2D1-87C9-4C9D-AA12-5AC49183C302}"
EndProject
Project("{FAE04EC0-301F-11D3-BF4B-00C04F79EFBC}") = "Emtrafesa.GestionPersonal.Entity", "Emtrafesa.GestionPersonal.Entity\Emtrafesa.GestionPersonal.Entity.csproj", "{2C2B8785-07CC-4D64-84B9-277B535F405B}"
EndProject
Project("{FAE04EC0-301F-11D3-BF4B-00C04F79EFBC}") = "Emtrafesa.GestionPersonal.Repository", "Emtrafesa.GestionPersonal.Repository\Emtrafesa.GestionPersonal.Repository.csproj", "{0F99EAD7-307A-49F2-87FD-AA63D335921D}"
EndProject
Project("{FAE04EC0-301F-11D3-BF4B-00C04F79EFBC}") = "Emtrafesa.GestionPersonal.Application", "Emtrafesa.GestionPersonal.Application\Emtrafesa.GestionPersonal.Application.csproj", "{FEB68998-321E-459B-A7F7-480AF75B84B0}"
EndProject
Global
	GlobalSection(SolutionConfigurationPlatforms) = preSolution
		Debug|Any CPU = Debug|Any CPU
		Release|Any CPU = Release|Any CPU
	EndGlobalSection
	GlobalSection(ProjectConfigurationPlatforms) = postSolution
		{634AC2D1-87C9-4C9D-AA12-5AC49183C302}.Debug|Any CPU.ActiveCfg = Debug|Any CPU
		{634AC2D1-87C9-4C9D-AA12-5AC49183C302}.Debug|Any CPU.Build.0 = Debug|Any CPU
		{634AC2D1-87C9-4C9D-AA12-5AC49183C302}.Release|Any CPU.ActiveCfg = Release|Any CPU
		{634AC2D1-87C9-4C9D-AA12-5AC49183C302}.Release|Any CPU.Build.0 = Release|Any CPU
		{2C2B8785-07CC-4D64-84B9-277B535F405B}.Debug|Any CPU.ActiveCfg = Debug|Any CPU
		{2C2B8785-07CC-4D64-84B9-277B535F405B}.Debug|Any CPU.Build.0 = Debug|Any CPU
		{2C2B8785-07CC-4D64-84B9-277B535F405B}.Release|Any CPU.ActiveCfg = Release|Any CPU
		{2C2B8785-07CC-4D64-84B9-277B535F405B}.Release|Any CPU.Build.0 = Release|Any CPU
		{0F99EAD7-307A-49F2-87FD-AA63D335921D}.Debug|Any CPU.ActiveCfg = Debug|Any CPU
		{0F99EAD7-307A-49F2-87FD-AA63D335921D}.Debug|Any CPU.Build.0 = Debug|Any CPU
		{0F99EAD7-307A-49F2-87FD-AA63D335921D}.Release|Any CPU.ActiveCfg = Release|Any CPU
		{0F99EAD7-307A-49F2-87FD-AA63D335921D}.Release|Any CPU.Build.0 = Release|Any CPU
		{FEB68998-321E-459B-A7F7-480AF75B84B0}.Debug|Any CPU.ActiveCfg = Debug|Any CPU
		{FEB68998-321E-459B-A7F7-480AF75B84B0}.Debug|Any CPU.Build.0 = Debug|Any CPU
		{FEB68998-321E-459B-A7F7-480AF75B84B0}.Release|Any CPU.ActiveCfg = Release|Any CPU
		{FEB68998-321E-459B-A7F7-480AF75B84B0}.Release|Any CPU.Build.0 = Release|Any CPU
	EndGlobalSection
	GlobalSection(SolutionProperties) = preSolution
		HideSolutionNode = FALSE
	EndGlobalSection
	GlobalSection(ExtensibilityGlobals) = postSolution
		SolutionGuid = {1D82CA6E-46BA-448D-98E9-B28260E7EE14}
	EndGlobalSection
EndGlobal
